
Microsoft Visual Studio Solution File, Format Version 12.00
# Visual Studio Version 17
VisualStudioVersion = 17.4.33403.182
MinimumVisualStudioVersion = 10.0.40219.1
Project("{9A19103F-16F7-4668-BE54-9A1E7A4F7556}") = "WebApp", "WebApp\WebApp.csproj", "{5A02E4A7-32C2-4372-BEB1-A5ED407E0B23}"
EndProject
Project("{9A19103F-16F7-4668-BE54-9A1E7A4F7556}") = "WinForms", "WinForms\WinForms.csproj", "{3967DDCF-BA8E-45CD-895D-626CE346D419}"
EndProject
Project("{FAE04EC0-301F-11D3-BF4B-00C04F79EFBC}") = "Logic", "Logic\Logic.csproj", "{1AA9B921-CE97-4139-995E-95435B3110C0}"
EndProject
Project("{FAE04EC0-301F-11D3-BF4B-00C04F79EFBC}") = "Data", "Data\Data.csproj", "{FDF2FED1-3113-4BA6-8582-BBE97C301D66}"
EndProject
Project("{FAE04EC0-301F-11D3-BF4B-00C04F79EFBC}") = "Models", "Models\Models.csproj", "{F7DC7AD1-7A0A-403B-A535-24267BD07628}"
EndProject
Project("{FAE04EC0-301F-11D3-BF4B-00C04F79EFBC}") = "Tests", "Tests\Tests.csproj", "{5AB881E8-B8FE-43A5-A74B-40CF15B20AE8}"
EndProject
Global
	GlobalSection(SolutionConfigurationPlatforms) = preSolution
		Debug|Any CPU = Debug|Any CPU
		Release|Any CPU = Release|Any CPU
	EndGlobalSection
	GlobalSection(ProjectConfigurationPlatforms) = postSolution
		{5A02E4A7-32C2-4372-BEB1-A5ED407E0B23}.Debug|Any CPU.ActiveCfg = Debug|Any CPU
		{5A02E4A7-32C2-4372-BEB1-A5ED407E0B23}.Debug|Any CPU.Build.0 = Debug|Any CPU
		{5A02E4A7-32C2-4372-BEB1-A5ED407E0B23}.Release|Any CPU.ActiveCfg = Release|Any CPU
		{5A02E4A7-32C2-4372-BEB1-A5ED407E0B23}.Release|Any CPU.Build.0 = Release|Any CPU
		{3967DDCF-BA8E-45CD-895D-626CE346D419}.Debug|Any CPU.ActiveCfg = Debug|Any CPU
		{3967DDCF-BA8E-45CD-895D-626CE346D419}.Debug|Any CPU.Build.0 = Debug|Any CPU
		{3967DDCF-BA8E-45CD-895D-626CE346D419}.Release|Any CPU.ActiveCfg = Release|Any CPU
		{3967DDCF-BA8E-45CD-895D-626CE346D419}.Release|Any CPU.Build.0 = Release|Any CPU
		{1AA9B921-CE97-4139-995E-95435B3110C0}.Debug|Any CPU.ActiveCfg = Debug|Any CPU
		{1AA9B921-CE97-4139-995E-95435B3110C0}.Debug|Any CPU.Build.0 = Debug|Any CPU
		{1AA9B921-CE97-4139-995E-95435B3110C0}.Release|Any CPU.ActiveCfg = Release|Any CPU
		{1AA9B921-CE97-4139-995E-95435B3110C0}.Release|Any CPU.Build.0 = Release|Any CPU
		{FDF2FED1-3113-4BA6-8582-BBE97C301D66}.Debug|Any CPU.ActiveCfg = Debug|Any CPU
		{FDF2FED1-3113-4BA6-8582-BBE97C301D66}.Debug|Any CPU.Build.0 = Debug|Any CPU
		{FDF2FED1-3113-4BA6-8582-BBE97C301D66}.Release|Any CPU.ActiveCfg = Release|Any CPU
		{FDF2FED1-3113-4BA6-8582-BBE97C301D66}.Release|Any CPU.Build.0 = Release|Any CPU
		{F7DC7AD1-7A0A-403B-A535-24267BD07628}.Debug|Any CPU.ActiveCfg = Debug|Any CPU
		{F7DC7AD1-7A0A-403B-A535-24267BD07628}.Debug|Any CPU.Build.0 = Debug|Any CPU
		{F7DC7AD1-7A0A-403B-A535-24267BD07628}.Release|Any CPU.ActiveCfg = Release|Any CPU
		{F7DC7AD1-7A0A-403B-A535-24267BD07628}.Release|Any CPU.Build.0 = Release|Any CPU
		{5AB881E8-B8FE-43A5-A74B-40CF15B20AE8}.Debug|Any CPU.ActiveCfg = Debug|Any CPU
		{5AB881E8-B8FE-43A5-A74B-40CF15B20AE8}.Debug|Any CPU.Build.0 = Debug|Any CPU
		{5AB881E8-B8FE-43A5-A74B-40CF15B20AE8}.Release|Any CPU.ActiveCfg = Release|Any CPU
		{5AB881E8-B8FE-43A5-A74B-40CF15B20AE8}.Release|Any CPU.Build.0 = Release|Any CPU
	EndGlobalSection
	GlobalSection(SolutionProperties) = preSolution
		HideSolutionNode = FALSE
	EndGlobalSection
	GlobalSection(ExtensibilityGlobals) = postSolution
		SolutionGuid = {2EE77521-1830-4ED9-B992-B65431CC7DCC}
	EndGlobalSection
EndGlobal
